{
  "name": "classic-rev",
  "version": "1.0.0",
  "lockfileVersion": 3,
  "requires": true,
  "packages": {
    "": {
      "name": "classic-rev",
      "version": "1.0.0",
      "license": "ISC",
      "dependencies": {
        "@sentry/node": "^7.109.0",
        "@sentry/profiling-node": "^7.109.0"
      }
    },
    "node_modules/@sentry-internal/tracing": {
      "version": "7.109.0",
      "resolved": "https://registry.npmjs.org/@sentry-internal/tracing/-/tracing-7.109.0.tgz",
      "integrity": "sha512-PzK/joC5tCuh2R/PRh+7dp+uuZl7pTsBIjPhVZHMTtb9+ls65WkdZJ1/uKXPouyz8NOo9Xok7aEvEo9seongyw==",
      "dependencies": {
        "@sentry/core": "7.109.0",
        "@sentry/types": "7.109.0",
        "@sentry/utils": "7.109.0"
      },
      "engines": {
        "node": ">=8"
      }
    },
    "node_modules/@sentry/core": {
      "version": "7.109.0",
      "resolved": "https://registry.npmjs.org/@sentry/core/-/core-7.109.0.tgz",
      "integrity": "sha512-xwD4U0IlvvlE/x/g/W1I8b4Cfb16SsCMmiEuBf6XxvAa3OfWBxKoqLifb3GyrbxMC4LbIIZCN/SvLlnGJPgszA==",
      "dependencies": {
        "@sentry/types": "7.109.0",
        "@sentry/utils": "7.109.0"
      },
      "engines": {
        "node": ">=8"
      }
    },
    "node_modules/@sentry/node": {
      "version": "7.109.0",
      "resolved": "https://registry.npmjs.org/@sentry/node/-/node-7.109.0.tgz",
      "integrity": "sha512-tqMNAES4X/iBl1eZRCmc29p//0id01FBLEiesNo5nk6ECl6/SaGMFAEwu1gsn90h/Bjgr04slwFOS4cR45V2PQ==",
      "dependencies": {
        "@sentry-internal/tracing": "7.109.0",
        "@sentry/core": "7.109.0",
        "@sentry/types": "7.109.0",
        "@sentry/utils": "7.109.0"
      },
      "engines": {
        "node": ">=8"
      }
    },
    "node_modules/@sentry/profiling-node": {
      "version": "7.109.0",
      "resolved": "https://registry.npmjs.org/@sentry/profiling-node/-/profiling-node-7.109.0.tgz",
      "integrity": "sha512-wdDxJ86/A71QTpbbn4LaiB6vmvGd3QEq7UOdZS/y/3SwV66zpkvNB8yPER41BgqDjqcmIY/va9fNi319iTREFw==",
      "hasInstallScript": true,
      "dependencies": {
        "detect-libc": "^2.0.2",
        "node-abi": "^3.52.0"
      },
      "bin": {
        "sentry-prune-profiler-binaries": "scripts/prune-profiler-binaries.js"
      },
      "engines": {
        "node": ">=8.0.0"
      }
    },
    "node_modules/@sentry/types": {
      "version": "7.109.0",
      "resolved": "https://registry.npmjs.org/@sentry/types/-/types-7.109.0.tgz",
      "integrity": "sha512-egCBnDv3YpVFoNzRLdP0soVrxVLCQ+rovREKJ1sw3rA2/MFH9WJ+DZZexsX89yeAFzy1IFsCp7/dEqudusml6g==",
      "engines": {
        "node": ">=8"
      }
    },
    "node_modules/@sentry/utils": {
      "version": "7.109.0",
      "resolved": "https://registry.npmjs.org/@sentry/utils/-/utils-7.109.0.tgz",
      "integrity": "sha512-3RjxMOLMBwZ5VSiH84+o/3NY2An4Zldjz0EbfEQNRY9yffRiCPJSQiCJID8EoylCFOh/PAhPimBhqbtWJxX6iw==",
      "dependencies": {
        "@sentry/types": "7.109.0"
      },
      "engines": {
        "node": ">=8"
      }
    },
    "node_modules/detect-libc": {
      "version": "2.0.3",
      "resolved": "https://registry.npmjs.org/detect-libc/-/detect-libc-2.0.3.tgz",
      "integrity": "sha512-bwy0MGW55bG41VqxxypOsdSdGqLwXPI/focwgTYCFMbdUiBAxLg9CFzG08sz2aqzknwiX7Hkl0bQENjg8iLByw==",
      "engines": {
        "node": ">=8"
      }
    },
    "node_modules/lru-cache": {
      "version": "6.0.0",
      "resolved": "https://registry.npmjs.org/lru-cache/-/lru-cache-6.0.0.tgz",
      "integrity": "sha512-Jo6dJ04CmSjuznwJSS3pUeWmd/H0ffTlkXXgwZi+eq1UCmqQwCh+eLsYOYCwY991i2Fah4h1BEMCx4qThGbsiA==",
      "dependencies": {
        "yallist": "^4.0.0"
      },
      "engines": {
        "node": ">=10"
      }
    },
    "node_modules/node-abi": {
      "version": "3.57.0",
      "resolved": "https://registry.npmjs.org/node-abi/-/node-abi-3.57.0.tgz",
      "integrity": "sha512-Dp+A9JWxRaKuHP35H77I4kCKesDy5HUDEmScia2FyncMTOXASMyg251F5PhFoDA5uqBrDDffiLpbqnrZmNXW+g==",
      "dependencies": {
        "semver": "^7.3.5"
      },
      "engines": {
        "node": ">=10"
      }
    },
    "node_modules/semver": {
      "version": "7.6.0",
      "resolved": "https://registry.npmjs.org/semver/-/semver-7.6.0.tgz",
      "integrity": "sha512-EnwXhrlwXMk9gKu5/flx5sv/an57AkRplG3hTK68W7FRDN+k+OWBj65M7719OkA82XLBxrcX0KSHj+X5COhOVg==",
      "dependencies": {
        "lru-cache": "^6.0.0"
      },
      "bin": {
        "semver": "bin/semver.js"
      },
      "engines": {
        "node": ">=10"
      }
    },
    "node_modules/yallist": {
      "version": "4.0.0",
      "resolved": "https://registry.npmjs.org/yallist/-/yallist-4.0.0.tgz",
      "integrity": "sha512-3wdGidZyq5PB084XLES5TpOSRA3wjXAlIWMhum2kRcv/41Sn2emQ0dycQW4uZXLejwKvg6EsvbdlVL+FYEct7A=="
    }
  }
}
